{
  "name": "node-farm",
  "version": "1.0.0",
  "lockfileVersion": 1,
  "requires": true,
  "dependencies": {
    "slugify": {
      "version": "1.5.1",
      "resolved": "https://registry.npmjs.org/slugify/-/slugify-1.5.1.tgz",
      "integrity": "sha512-54gP60qIkxaUCFXORn/u+tNPqdTsqvqonB2nxjQV52wWTCuJJ4kbfU7URkpn8646Lr2T3CSh8ecDzzBK/dD9jA=="
    }
  }
}
